
Microsoft Visual Studio Solution File, Format Version 12.00
# Visual Studio Version 17
VisualStudioVersion = 17.11.35312.102
MinimumVisualStudioVersion = 10.0.40219.1
Project("{FAE04EC0-301F-11D3-BF4B-00C04F79EFBC}") = "HBOICTKeuzewijzer.Api", "HBOICTKeuzewijzer.Api\HBOICTKeuzewijzer.Api.csproj", "{1503B259-7AB7-42CA-A888-EFA030466174}"
EndProject
Project("{FAE04EC0-301F-11D3-BF4B-00C04F79EFBC}") = "HBOICTKeuzewijzer.Tests", "HBOICTKeuzewijzer.Tests\HBOICTKeuzewijzer.Tests.csproj", "{2A9DBB34-3DCA-4F8C-B4EC-E36CD1C7622A}"
EndProject
Global
	GlobalSection(SolutionConfigurationPlatforms) = preSolution
		Debug|Any CPU = Debug|Any CPU
		Release|Any CPU = Release|Any CPU
	EndGlobalSection
	GlobalSection(ProjectConfigurationPlatforms) = postSolution
		{1503B259-7AB7-42CA-A888-EFA030466174}.Debug|Any CPU.ActiveCfg = Debug|Any CPU
		{1503B259-7AB7-42CA-A888-EFA030466174}.Debug|Any CPU.Build.0 = Debug|Any CPU
		{1503B259-7AB7-42CA-A888-EFA030466174}.Release|Any CPU.ActiveCfg = Release|Any CPU
		{1503B259-7AB7-42CA-A888-EFA030466174}.Release|Any CPU.Build.0 = Release|Any CPU
		{2A9DBB34-3DCA-4F8C-B4EC-E36CD1C7622A}.Debug|Any CPU.ActiveCfg = Debug|Any CPU
		{2A9DBB34-3DCA-4F8C-B4EC-E36CD1C7622A}.Debug|Any CPU.Build.0 = Debug|Any CPU
		{2A9DBB34-3DCA-4F8C-B4EC-E36CD1C7622A}.Release|Any CPU.ActiveCfg = Release|Any CPU
		{2A9DBB34-3DCA-4F8C-B4EC-E36CD1C7622A}.Release|Any CPU.Build.0 = Release|Any CPU
	EndGlobalSection
	GlobalSection(SolutionProperties) = preSolution
		HideSolutionNode = FALSE
	EndGlobalSection
	GlobalSection(ExtensibilityGlobals) = postSolution
		SolutionGuid = {D5FD3E6A-00BB-4C9B-8FE2-539334B6F3C4}
	EndGlobalSection
EndGlobal
